// !$*UTF8*$!
{
	archiveVersion = 1;
	classes = {
	};
	objectVersion = 46;
	objects = {

/* Begin PBXBuildFile section */
		CA7D73A81D04DD27003FB747 /* AppDelegate.swift in Sources */ = {isa = PBXBuildFile; fileRef = CA7D73A71D04DD27003FB747 /* AppDelegate.swift */; };
		CA7D73AA1D04DD27003FB747 /* ViewController.swift in Sources */ = {isa = PBXBuildFile; fileRef = CA7D73A91D04DD27003FB747 /* ViewController.swift */; };
		CA7D73AD1D04DD27003FB747 /* Main.storyboard in Resources */ = {isa = PBXBuildFile; fileRef = CA7D73AB1D04DD27003FB747 /* Main.storyboard */; };
		CA7D73AF1D04DD27003FB747 /* Assets.xcassets in Resources */ = {isa = PBXBuildFile; fileRef = CA7D73AE1D04DD27003FB747 /* Assets.xcassets */; };
		CA7D73B21D04DD27003FB747 /* LaunchScreen.storyboard in Resources */ = {isa = PBXBuildFile; fileRef = CA7D73B01D04DD27003FB747 /* LaunchScreen.storyboard */; };
		CA7D73BD1D04DD27003FB747 /* Web_BrowserTests.swift in Sources */ = {isa = PBXBuildFile; fileRef = CA7D73BC1D04DD27003FB747 /* Web_BrowserTests.swift */; };
		CA7D73C81D04DD27003FB747 /* Web_BrowserUITests.swift in Sources */ = {isa = PBXBuildFile; fileRef = CA7D73C71D04DD27003FB747 /* Web_BrowserUITests.swift */; };
/* End PBXBuildFile section */

/* Begin PBXContainerItemProxy section */
		CA7D73B91D04DD27003FB747 /* PBXContainerItemProxy */ = {
			isa = PBXContainerItemProxy;
			containerPortal = CA7D739C1D04DD26003FB747 /* Project object */;
			proxyType = 1;
			remoteGlobalIDString = CA7D73A31D04DD26003FB747;
			remoteInfo = "Web Browser";
		};
		CA7D73C41D04DD27003FB747 /* PBXContainerItemProxy */ = {
			isa = PBXContainerItemProxy;
			containerPortal = CA7D739C1D04DD26003FB747 /* Project object */;
			proxyType = 1;
			remoteGlobalIDString = CA7D73A31D04DD26003FB747;
			remoteInfo = "Web Browser";
		};
/* End PBXContainerItemProxy section */

/* Begin PBXFileReference section */
		CA7D73A41D04DD26003FB747 /* Web Browser.app */ = {isa = PBXFileReference; explicitFileType = wrapper.application; includeInIndex = 0; path = "Web Browser.app"; sourceTree = BUILT_PRODUCTS_DIR; };
		CA7D73A71D04DD27003FB747 /* AppDelegate.swift */ = {isa = PBXFileReference; lastKnownFileType = sourcecode.swift; path = AppDelegate.swift; sourceTree = "<group>"; };
		CA7D73A91D04DD27003FB747 /* ViewController.swift */ = {isa = PBXFileReference; lastKnownFileType = sourcecode.swift; path = ViewController.swift; sourceTree = "<group>"; };
		CA7D73AC1D04DD27003FB747 /* Base */ = {isa = PBXFileReference; lastKnownFileType = file.storyboard; name = Base; path = Base.lproj/Main.storyboard; sourceTree = "<group>"; };
		CA7D73AE1D04DD27003FB747 /* Assets.xcassets */ = {isa = PBXFileReference; lastKnownFileType = folder.assetcatalog; path = Assets.xcassets; sourceTree = "<group>"; };
		CA7D73B11D04DD27003FB747 /* Base */ = {isa = PBXFileReference; lastKnownFileType = file.storyboard; name = Base; path = Base.lproj/LaunchScreen.storyboard; sourceTree = "<group>"; };
		CA7D73B31D04DD27003FB747 /* Info.plist */ = {isa = PBXFileReference; lastKnownFileType = text.plist.xml; path = Info.plist; sourceTree = "<group>"; };
		CA7D73B81D04DD27003FB747 /* Web BrowserTests.xctest */ = {isa = PBXFileReference; explicitFileType = wrapper.cfbundle; includeInIndex = 0; path = "Web BrowserTests.xctest"; sourceTree = BUILT_PRODUCTS_DIR; };
		CA7D73BC1D04DD27003FB747 /* Web_BrowserTests.swift */ = {isa = PBXFileReference; lastKnownFileType = sourcecode.swift; path = Web_BrowserTests.swift; sourceTree = "<group>"; };
		CA7D73BE1D04DD27003FB747 /* Info.plist */ = {isa = PBXFileReference; lastKnownFileType = text.plist.xml; path = Info.plist; sourceTree = "<group>"; };
		CA7D73C31D04DD27003FB747 /* Web BrowserUITests.xctest */ = {isa = PBXFileReference; explicitFileType = wrapper.cfbundle; includeInIndex = 0; path = "Web BrowserUITests.xctest"; sourceTree = BUILT_PRODUCTS_DIR; };
		CA7D73C71D04DD27003FB747 /* Web_BrowserUITests.swift */ = {isa = PBXFileReference; lastKnownFileType = sourcecode.swift; path = Web_BrowserUITests.swift; sourceTree = "<group>"; };
		CA7D73C91D04DD27003FB747 /* Info.plist */ = {isa = PBXFileReference; lastKnownFileType = text.plist.xml; path = Info.plist; sourceTree = "<group>"; };
/* End PBXFileReference section */

/* Begin PBXFrameworksBuildPhase section */
		CA7D73A11D04DD26003FB747 /* Frameworks */ = {
			isa = PBXFrameworksBuildPhase;
			buildActionMask = 2147483647;
			files = (
			);
			runOnlyForDeploymentPostprocessing = 0;
		};
		CA7D73B51D04DD27003FB747 /* Frameworks */ = {
			isa = PBXFrameworksBuildPhase;
			buildActionMask = 2147483647;
			files = (
			);
			runOnlyForDeploymentPostprocessing = 0;
		};
		CA7D73C01D04DD27003FB747 /* Frameworks */ = {
			isa = PBXFrameworksBuildPhase;
			buildActionMask = 2147483647;
			files = (
			);
			runOnlyForDeploymentPostprocessing = 0;
		};
/* End PBXFrameworksBuildPhase section */

/* Begin PBXGroup section */
		CA7D739B1D04DD26003FB747 = {
			isa = PBXGroup;
			children = (
				CA7D73A61D04DD27003FB747 /* Web Browser */,
				CA7D73BB1D04DD27003FB747 /* Web BrowserTests */,
				CA7D73C61D04DD27003FB747 /* Web BrowserUITests */,
				CA7D73A51D04DD26003FB747 /* Products */,
			);
			sourceTree = "<group>";
		};
		CA7D73A51D04DD26003FB747 /* Products */ = {
			isa = PBXGroup;
			children = (
				CA7D73A41D04DD26003FB747 /* Web Browser.app */,
				CA7D73B81D04DD27003FB747 /* Web BrowserTests.xctest */,
				CA7D73C31D04DD27003FB747 /* Web BrowserUITests.xctest */,
			);
			name = Products;
			sourceTree = "<group>";
		};
		CA7D73A61D04DD27003FB747 /* Web Browser */ = {
			isa = PBXGroup;
			children = (
				CA7D73A71D04DD27003FB747 /* AppDelegate.swift */,
				CA7D73A91D04DD27003FB747 /* ViewController.swift */,
				CA7D73AB1D04DD27003FB747 /* Main.storyboard */,
				CA7D73AE1D04DD27003FB747 /* Assets.xcassets */,
				CA7D73B01D04DD27003FB747 /* LaunchScreen.storyboard */,
				CA7D73B31D04DD27003FB747 /* Info.plist */,
			);
			path = "Web Browser";
			sourceTree = "<group>";
		};
		CA7D73BB1D04DD27003FB747 /* Web BrowserTests */ = {
			isa = PBXGroup;
			children = (
				CA7D73BC1D04DD27003FB747 /* Web_BrowserTests.swift */,
				CA7D73BE1D04DD27003FB747 /* Info.plist */,
			);
			path = "Web BrowserTests";
			sourceTree = "<group>";
		};
		CA7D73C61D04DD27003FB747 /* Web BrowserUITests */ = {
			isa = PBXGroup;
			children = (
				CA7D73C71D04DD27003FB747 /* Web_BrowserUITests.swift */,
				CA7D73C91D04DD27003FB747 /* Info.plist */,
			);
			path = "Web BrowserUITests";
			sourceTree = "<group>";
		};
/* End PBXGroup section */

/* Begin PBXNativeTarget section */
		CA7D73A31D04DD26003FB747 /* Web Browser */ = {
			isa = PBXNativeTarget;
			buildConfigurationList = CA7D73CC1D04DD27003FB747 /* Build configuration list for PBXNativeTarget "Web Browser" */;
			buildPhases = (
				CA7D73A01D04DD26003FB747 /* Sources */,
				CA7D73A11D04DD26003FB747 /* Frameworks */,
				CA7D73A21D04DD26003FB747 /* Resources */,
			);
			buildRules = (
			);
			dependencies = (
			);
			name = "Web Browser";
			productName = "Web Browser";
			productReference = CA7D73A41D04DD26003FB747 /* Web Browser.app */;
			productType = "com.apple.product-type.application";
		};
		CA7D73B71D04DD27003FB747 /* Web BrowserTests */ = {
			isa = PBXNativeTarget;
			buildConfigurationList = CA7D73CF1D04DD27003FB747 /* Build configuration list for PBXNativeTarget "Web BrowserTests" */;
			buildPhases = (
				CA7D73B41D04DD27003FB747 /* Sources */,
				CA7D73B51D04DD27003FB747 /* Frameworks */,
				CA7D73B61D04DD27003FB747 /* Resources */,
			);
			buildRules = (
			);
			dependencies = (
				CA7D73BA1D04DD27003FB747 /* PBXTargetDependency */,
			);
			name = "Web BrowserTests";
			productName = "Web BrowserTests";
			productReference = CA7D73B81D04DD27003FB747 /* Web BrowserTests.xctest */;
			productType = "com.apple.product-type.bundle.unit-test";
		};
		CA7D73C21D04DD27003FB747 /* Web BrowserUITests */ = {
			isa = PBXNativeTarget;
			buildConfigurationList = CA7D73D21D04DD27003FB747 /* Build configuration list for PBXNativeTarget "Web BrowserUITests" */;
			buildPhases = (
				CA7D73BF1D04DD27003FB747 /* Sources */,
				CA7D73C01D04DD27003FB747 /* Frameworks */,
				CA7D73C11D04DD27003FB747 /* Resources */,
			);
			buildRules = (
			);
			dependencies = (
				CA7D73C51D04DD27003FB747 /* PBXTargetDependency */,
			);
			name = "Web BrowserUITests";
			productName = "Web BrowserUITests";
			productReference = CA7D73C31D04DD27003FB747 /* Web BrowserUITests.xctest */;
			productType = "com.apple.product-type.bundle.ui-testing";
		};
/* End PBXNativeTarget section */

/* Begin PBXProject section */
		CA7D739C1D04DD26003FB747 /* Project object */ = {
			isa = PBXProject;
			attributes = {
				LastSwiftUpdateCheck = 0730;
				LastUpgradeCheck = 0730;
				ORGANIZATIONNAME = "Brandon Saunders";
				TargetAttributes = {
					CA7D73A31D04DD26003FB747 = {
						CreatedOnToolsVersion = 7.3.1;
						DevelopmentTeam = 4A9CJV2EBC;
					};
					CA7D73B71D04DD27003FB747 = {
						CreatedOnToolsVersion = 7.3.1;
						DevelopmentTeam = 4A9CJV2EBC;
						TestTargetID = CA7D73A31D04DD26003FB747;
					};
					CA7D73C21D04DD27003FB747 = {
						CreatedOnToolsVersion = 7.3.1;
						DevelopmentTeam = 4A9CJV2EBC;
						TestTargetID = CA7D73A31D04DD26003FB747;
					};
				};
			};
			buildConfigurationList = CA7D739F1D04DD26003FB747 /* Build configuration list for PBXProject "Web Browser" */;
			compatibilityVersion = "Xcode 3.2";
			developmentRegion = English;
			hasScannedForEncodings = 0;
			knownRegions = (
				en,
				Base,
			);
			mainGroup = CA7D739B1D04DD26003FB747;
			productRefGroup = CA7D73A51D04DD26003FB747 /* Products */;
			projectDirPath = "";
			projectRoot = "";
			targets = (
				CA7D73A31D04DD26003FB747 /* Web Browser */,
				CA7D73B71D04DD27003FB747 /* Web BrowserTests */,
				CA7D73C21D04DD27003FB747 /* Web BrowserUITests */,
			);
		};
/* End PBXProject section */

/* Begin PBXResourcesBuildPhase section */
		CA7D73A21D04DD26003FB747 /* Resources */ = {
			isa = PBXResourcesBuildPhase;
			buildActionMask = 2147483647;
			files = (
				CA7D73B21D04DD27003FB747 /* LaunchScreen.storyboard in Resources */,
				CA7D73AF1D04DD27003FB747 /* Assets.xcassets in Resources */,
				CA7D73AD1D04DD27003FB747 /* Main.storyboard in Resources */,
			);
			runOnlyForDeploymentPostprocessing = 0;
		};
		CA7D73B61D04DD27003FB747 /* Resources */ = {
			isa = PBXResourcesBuildPhase;
			buildActionMask = 2147483647;
			files = (
			);
			runOnlyForDeploymentPostprocessing = 0;
		};
		CA7D73C11D04DD27003FB747 /* Resources */ = {
			isa = PBXResourcesBuildPhase;
			buildActionMask = 2147483647;
			files = (
			);
			runOnlyForDeploymentPostprocessing = 0;
		};
/* End PBXResourcesBuildPhase section */

/* Begin PBXSourcesBuildPhase section */
		CA7D73A01D04DD26003FB747 /* Sources */ = {
			isa = PBXSourcesBuildPhase;
			buildActionMask = 2147483647;
			files = (
				CA7D73AA1D04DD27003FB747 /* ViewController.swift in Sources */,
				CA7D73A81D04DD27003FB747 /* AppDelegate.swift in Sources */,
			);
			runOnlyForDeploymentPostprocessing = 0;
		};
		CA7D73B41D04DD27003FB747 /* Sources */ = {
			isa = PBXSourcesBuildPhase;
			buildActionMask = 2147483647;
			files = (
				CA7D73BD1D04DD27003FB747 /* Web_BrowserTests.swift in Sources */,
			);
			runOnlyForDeploymentPostprocessing = 0;
		};
		CA7D73BF1D04DD27003FB747 /* Sources */ = {
			isa = PBXSourcesBuildPhase;
			buildActionMask = 2147483647;
			files = (
				CA7D73C81D04DD27003FB747 /* Web_BrowserUITests.swift in Sources */,
			);
			runOnlyForDeploymentPostprocessing = 0;
		};
/* End PBXSourcesBuildPhase section */

/* Begin PBXTargetDependency section */
		CA7D73BA1D04DD27003FB747 /* PBXTargetDependency */ = {
			isa = PBXTargetDependency;
			target = CA7D73A31D04DD26003FB747 /* Web Browser */;
			targetProxy = CA7D73B91D04DD27003FB747 /* PBXContainerItemProxy */;
		};
		CA7D73C51D04DD27003FB747 /* PBXTargetDependency */ = {
			isa = PBXTargetDependency;
			target = CA7D73A31D04DD26003FB747 /* Web Browser */;
			targetProxy = CA7D73C41D04DD27003FB747 /* PBXContainerItemProxy */;
		};
/* End PBXTargetDependency section */

/* Begin PBXVariantGroup section */
		CA7D73AB1D04DD27003FB747 /* Main.storyboard */ = {
			isa = PBXVariantGroup;
			children = (
				CA7D73AC1D04DD27003FB747 /* Base */,
			);
			name = Main.storyboard;
			sourceTree = "<group>";
		};
		CA7D73B01D04DD27003FB747 /* LaunchScreen.storyboard */ = {
			isa = PBXVariantGroup;
			children = (
				CA7D73B11D04DD27003FB747 /* Base */,
			);
			name = LaunchScreen.storyboard;
			sourceTree = "<group>";
		};
/* End PBXVariantGroup section */

/* Begin XCBuildConfiguration section */
		CA7D73CA1D04DD27003FB747 /* Debug */ = {
			isa = XCBuildConfiguration;
			buildSettings = {
				ALWAYS_SEARCH_USER_PATHS = NO;
				CLANG_ANALYZER_NONNULL = YES;
				CLANG_CXX_LANGUAGE_STANDARD = "gnu++0x";
				CLANG_CXX_LIBRARY = "libc++";
				CLANG_ENABLE_MODULES = YES;
				CLANG_ENABLE_OBJC_ARC = YES;
				CLANG_WARN_BOOL_CONVERSION = YES;
				CLANG_WARN_CONSTANT_CONVERSION = YES;
				CLANG_WARN_DIRECT_OBJC_ISA_USAGE = YES_ERROR;
				CLANG_WARN_EMPTY_BODY = YES;
				CLANG_WARN_ENUM_CONVERSION = YES;
				CLANG_WARN_INT_CONVERSION = YES;
				CLANG_WARN_OBJC_ROOT_CLASS = YES_ERROR;
				CLANG_WARN_UNREACHABLE_CODE = YES;
				CLANG_WARN__DUPLICATE_METHOD_MATCH = YES;
				"CODE_SIGN_IDENTITY[sdk=iphoneos*]" = "iPhone Developer";
				COPY_PHASE_STRIP = NO;
				DEBUG_INFORMATION_FORMAT = dwarf;
				ENABLE_STRICT_OBJC_MSGSEND = YES;
				ENABLE_TESTABILITY = YES;
				GCC_C_LANGUAGE_STANDARD = gnu99;
				GCC_DYNAMIC_NO_PIC = NO;
				GCC_NO_COMMON_BLOCKS = YES;
				GCC_OPTIMIZATION_LEVEL = 0;
				GCC_PREPROCESSOR_DEFINITIONS = (
					"DEBUG=1",
					"$(inherited)",
				);
				GCC_WARN_64_TO_32_BIT_CONVERSION = YES;
				GCC_WARN_ABOUT_RETURN_TYPE = YES_ERROR;
				GCC_WARN_UNDECLARED_SELECTOR = YES;
				GCC_WARN_UNINITIALIZED_AUTOS = YES_AGGRESSIVE;
				GCC_WARN_UNUSED_FUNCTION = YES;
				GCC_WARN_UNUSED_VARIABLE = YES;
				IPHONEOS_DEPLOYMENT_TARGET = 9.3;
				MTL_ENABLE_DEBUG_INFO = YES;
				ONLY_ACTIVE_ARCH = YES;
				SDKROOT = iphoneos;
				SWIFT_OPTIMIZATION_LEVEL = "-Onone";
				TARGETED_DEVICE_FAMILY = "1,2";
			};
			name = Debug;
		};
		CA7D73CB1D04DD27003FB747 /* Release */ = {
			isa = XCBuildConfiguration;
			buildSettings = {
				ALWAYS_SEARCH_USER_PATHS = NO;
				CLANG_ANALYZER_NONNULL = YES;
				CLANG_CXX_LANGUAGE_STANDARD = "gnu++0x";
				CLANG_CXX_LIBRARY = "libc++";
				CLANG_ENABLE_MODULES = YES;
				CLANG_ENABLE_OBJC_ARC = YES;
				CLANG_WARN_BOOL_CONVERSION = YES;
				CLANG_WARN_CONSTANT_CONVERSION = YES;
				CLANG_WARN_DIRECT_OBJC_ISA_USAGE = YES_ERROR;
				CLANG_WARN_EMPTY_BODY = YES;
				CLANG_WARN_ENUM_CONVERSION = YES;
				CLANG_WARN_INT_CONVERSION = YES;
				CLANG_WARN_OBJC_ROOT_CLASS = YES_ERROR;
				CLANG_WARN_UNREACHABLE_CODE = YES;
				CLANG_WARN__DUPLICATE_METHOD_MATCH = YES;
				"CODE_SIGN_IDENTITY[sdk=iphoneos*]" = "iPhone Developer";
				COPY_PHASE_STRIP = NO;
				DEBUG_INFORMATION_FORMAT = "dwarf-with-dsym";
				ENABLE_NS_ASSERTIONS = NO;
				ENABLE_STRICT_OBJC_MSGSEND = YES;
				GCC_C_LANGUAGE_STANDARD = gnu99;
				GCC_NO_COMMON_BLOCKS = YES;
				GCC_WARN_64_TO_32_BIT_CONVERSION = YES;
				GCC_WARN_ABOUT_RETURN_TYPE = YES_ERROR;
				GCC_WARN_UNDECLARED_SELECTOR = YES;
				GCC_WARN_UNINITIALIZED_AUTOS = YES_AGGRESSIVE;
				GCC_WARN_UNUSED_FUNCTION = YES;
				GCC_WARN_UNUSED_VARIABLE = YES;
				IPHONEOS_DEPLOYMENT_TARGET = 9.3;
				MTL_ENABLE_DEBUG_INFO = NO;
				SDKROOT = iphoneos;
				TARGETED_DEVICE_FAMILY = "1,2";
				VALIDATE_PRODUCT = YES;
			};
			name = Release;
		};
		CA7D73CD1D04DD27003FB747 /* Debug */ = {
			isa = XCBuildConfiguration;
			buildSettings = {
				ASSETCATALOG_COMPILER_APPICON_NAME = AppIcon;
				INFOPLIST_FILE = "Web Browser/Info.plist";
				LD_RUNPATH_SEARCH_PATHS = "$(inherited) @executable_path/Frameworks";
				PRODUCT_BUNDLE_IDENTIFIER = "Speakeasys.Web-Browser";
				PRODUCT_NAME = "$(TARGET_NAME)";
			};
			name = Debug;
		};
		CA7D73CE1D04DD27003FB747 /* Release */ = {
			isa = XCBuildConfiguration;
			buildSettings = {
				ASSETCATALOG_COMPILER_APPICON_NAME = AppIcon;
				INFOPLIST_FILE = "Web Browser/Info.plist";
				LD_RUNPATH_SEARCH_PATHS = "$(inherited) @executable_path/Frameworks";
				PRODUCT_BUNDLE_IDENTIFIER = "Speakeasys.Web-Browser";
				PRODUCT_NAME = "$(TARGET_NAME)";
			};
			name = Release;
		};
		CA7D73D01D04DD27003FB747 /* Debug */ = {
			isa = XCBuildConfiguration;
			buildSettings = {
				BUNDLE_LOADER = "$(TEST_HOST)";
				INFOPLIST_FILE = "Web BrowserTests/Info.plist";
				LD_RUNPATH_SEARCH_PATHS = "$(inherited) @executable_path/Frameworks @loader_path/Frameworks";
				PRODUCT_BUNDLE_IDENTIFIER = "Speakeasys.Web-BrowserTests";
				PRODUCT_NAME = "$(TARGET_NAME)";
				TEST_HOST = "$(BUILT_PRODUCTS_DIR)/Web Browser.app/Web Browser";
			};
			name = Debug;
		};
		CA7D73D11D04DD27003FB747 /* Release */ = {
			isa = XCBuildConfiguration;
			buildSettings = {
				BUNDLE_LOADER = "$(TEST_HOST)";
				INFOPLIST_FILE = "Web BrowserTests/Info.plist";
				LD_RUNPATH_SEARCH_PATHS = "$(inherited) @executable_path/Frameworks @loader_path/Frameworks";
				PRODUCT_BUNDLE_IDENTIFIER = "Speakeasys.Web-BrowserTests";
				PRODUCT_NAME = "$(TARGET_NAME)";
				TEST_HOST = "$(BUILT_PRODUCTS_DIR)/Web Browser.app/Web Browser";
			};
			name = Release;
		};
		CA7D73D31D04DD27003FB747 /* Debug */ = {
			isa = XCBuildConfiguration;
			buildSettings = {
				INFOPLIST_FILE = "Web BrowserUITests/Info.plist";
				LD_RUNPATH_SEARCH_PATHS = "$(inherited) @executable_path/Frameworks @loader_path/Frameworks";
				PRODUCT_BUNDLE_IDENTIFIER = "Speakeasys.Web-BrowserUITests";
				PRODUCT_NAME = "$(TARGET_NAME)";
				TEST_TARGET_NAME = "Web Browser";
			};
			name = Debug;
		};
		CA7D73D41D04DD27003FB747 /* Release */ = {
			isa = XCBuildConfiguration;
			buildSettings = {
				INFOPLIST_FILE = "Web BrowserUITests/Info.plist";
				LD_RUNPATH_SEARCH_PATHS = "$(inherited) @executable_path/Frameworks @loader_path/Frameworks";
				PRODUCT_BUNDLE_IDENTIFIER = "Speakeasys.Web-BrowserUITests";
				PRODUCT_NAME = "$(TARGET_NAME)";
				TEST_TARGET_NAME = "Web Browser";
			};
			name = Release;
		};
/* End XCBuildConfiguration section */

/* Begin XCConfigurationList section */
		CA7D739F1D04DD26003FB747 /* Build configuration list for PBXProject "Web Browser" */ = {
			isa = XCConfigurationList;
			buildConfigurations = (
				CA7D73CA1D04DD27003FB747 /* Debug */,
				CA7D73CB1D04DD27003FB747 /* Release */,
			);
			defaultConfigurationIsVisible = 0;
			defaultConfigurationName = Release;
		};
		CA7D73CC1D04DD27003FB747 /* Build configuration list for PBXNativeTarget "Web Browser" */ = {
			isa = XCConfigurationList;
			buildConfigurations = (
				CA7D73CD1D04DD27003FB747 /* Debug */,
				CA7D73CE1D04DD27003FB747 /* Release */,
			);
			defaultConfigurationIsVisible = 0;
		};
		CA7D73CF1D04DD27003FB747 /* Build configuration list for PBXNativeTarget "Web BrowserTests" */ = {
			isa = XCConfigurationList;
			buildConfigurations = (
				CA7D73D01D04DD27003FB747 /* Debug */,
				CA7D73D11D04DD27003FB747 /* Release */,
			);
			defaultConfigurationIsVisible = 0;
		};
		CA7D73D21D04DD27003FB747 /* Build configuration list for PBXNativeTarget "Web BrowserUITests" */ = {
			isa = XCConfigurationList;
			buildConfigurations = (
				CA7D73D31D04DD27003FB747 /* Debug */,
				CA7D73D41D04DD27003FB747 /* Release */,
			);
			defaultConfigurationIsVisible = 0;
		};
/* End XCConfigurationList section */
	};
	rootObject = CA7D739C1D04DD26003FB747 /* Project object */;
}
